<?xml version="1.0" encoding="utf-8"?>
<Project ToolsVersion="4.0" xmlns="http://schemas.microsoft.com/developer/msbuild/2003">
  <ItemGroup>
    <Filter Include="Файлы ресурсов">
      <UniqueIdentifier>{67DA6AB6-F800-4c08-8B7A-83BB121AAD01}</UniqueIdentifier>
      <Extensions>rc;ico;cur;bmp;dlg;rc2;rct;bin;rgs;gif;jpg;jpeg;jpe;resx;tiff;tif;png;wav;mfcribbon-ms</Extensions>
    </Filter>
    <Filter Include="Source">
      <UniqueIdentifier>{4FC737F1-C7A5-4376-A066-2A32D752A2FF}</UniqueIdentifier>
      <Extensions>cpp;c;cc;cxx;def;odl;idl;hpj;bat;asm;asmx</Extensions>
    </Filter>
    <Filter Include="Headers">
      <UniqueIdentifier>{93995380-89BD-4b04-88EB-625FBE52EBFB}</UniqueIdentifier>
      <Extensions>h;hh;hpp;hxx;hm;inl;inc;xsd</Extensions>
    </Filter>
    <Filter Include="Source\RenderDrivers">
      <UniqueIdentifier>{36a897ea-4841-48d0-964e-288ceeb42e02}</UniqueIdentifier>
    </Filter>
    <Filter Include="Source\PostProcessSource">
      <UniqueIdentifier>{ce0d9e7d-ab01-4029-a7b7-11c348bd082f}</UniqueIdentifier>
    </Filter>
    <Filter Include="Headers\PostProcessHeaders">
      <UniqueIdentifier>{123c70ff-8b16-44ea-9494-41c7a179c4a1}</UniqueIdentifier>
    </Filter>
    <Filter Include="Source\OpenGLCoreUtils">
      <UniqueIdentifier>{4878b5db-3f43-44ca-a4a8-4c399386db55}</UniqueIdentifier>
    </Filter>
    <Filter Include="Source\OtherUtils">
      <UniqueIdentifier>{997f0251-1e73-4b36-aeca-5c658871221d}</UniqueIdentifier>
    </Filter>
  </ItemGroup>
  <ItemGroup>
    <ClCompile Include="HydraAPI.cpp">
      <Filter>Source</Filter>
    </ClCompile>
    <ClCompile Include="HydraObjectManager.cpp">
      <Filter>Source</Filter>
    </ClCompile>
    <ClCompile Include="pugixml.cpp">
      <Filter>Source</Filter>
    </ClCompile>
    <ClCompile Include="VirtualBuffer.cpp">
      <Filter>Source</Filter>
    </ClCompile>
    <ClCompile Include="HRTextureCommon.cpp">
      <Filter>Source</Filter>
    </ClCompile>
    <ClCompile Include="HRMeshCommon.cpp">
      <Filter>Source</Filter>
    </ClCompile>
    <ClCompile Include="HydraVSGFExport.cpp">
      <Filter>Source</Filter>
    </ClCompile>
    <ClCompile Include="SystemWin.cpp">
      <Filter>Source</Filter>
    </ClCompile>
    <ClCompile Include="HydraDriverUpdate.cpp">
      <Filter>Source</Filter>
    </ClCompile>
    <ClCompile Include="HydraAPI_Light.cpp">
      <Filter>Source</Filter>
    </ClCompile>
    <ClCompile Include="HydraAPI_Material.cpp">
      <Filter>Source</Filter>
    </ClCompile>
    <ClCompile Include="HydraAPI_Texture.cpp">
      <Filter>Source</Filter>
    </ClCompile>
    <ClCompile Include="HydraAPI_Camera.cpp">
      <Filter>Source</Filter>
    </ClCompile>
    <ClCompile Include="HydraAPI_Geom.cpp">
      <Filter>Source</Filter>
    </ClCompile>
    <ClCompile Include="HydraAPI_FrameBuffer.cpp">
      <Filter>Source</Filter>
    </ClCompile>
    <ClCompile Include="xxhash.c">
      <Filter>Source</Filter>
    </ClCompile>
    <ClCompile Include="HR_HDRImage4f.cpp">
      <Filter>Source</Filter>
    </ClCompile>
    <ClCompile Include="HydraAPI_LoadExistingLibrary.cpp">
      <Filter>Source</Filter>
    </ClCompile>
    <ClCompile Include="HydraXMLVerify.cpp">
      <Filter>Source</Filter>
    </ClCompile>
    <ClCompile Include="HR_HDRImageTool.cpp">
      <Filter>Source</Filter>
    </ClCompile>
    <ClCompile Include="HydraPostProcessAPI.cpp">
      <Filter>Source\PostProcessSource</Filter>
    </ClCompile>
    <ClCompile Include="RenderDriverDebugPrint.cpp">
      <Filter>Source\RenderDrivers</Filter>
    </ClCompile>
    <ClCompile Include="RenderDriverHydraConnection.cpp">
      <Filter>Source\RenderDrivers</Filter>
    </ClCompile>
    <ClCompile Include="RenderDriverOpenGL1.cpp">
      <Filter>Source\RenderDrivers</Filter>
    </ClCompile>
    <ClCompile Include="RenderDriverOpenGL1_DelayedLoad.cpp">
      <Filter>Source\RenderDrivers</Filter>
    </ClCompile>
    <ClCompile Include="RenderDriverOpenGL1_DrawBvhLevels.cpp">
      <Filter>Source\RenderDrivers</Filter>
    </ClCompile>
    <ClCompile Include="RenderDriverOpenGL1_TestSplit.cpp">
      <Filter>Source\RenderDrivers</Filter>
    </ClCompile>
    <ClCompile Include="RenderDriverOpenGL1Debug.cpp">
      <Filter>Source\RenderDrivers</Filter>
    </ClCompile>
    <ClCompile Include="RenderDriverOpenGL1DebugDrawRays.cpp">
      <Filter>Source\RenderDrivers</Filter>
    </ClCompile>
    <ClCompile Include="HydraPostProcessCommon.cpp">
      <Filter>Source\PostProcessSource</Filter>
    </ClCompile>
    <ClCompile Include="HydraPostProcessSpecial.cpp">
      <Filter>Source\PostProcessSource</Filter>
    </ClCompile>
    <ClCompile Include="RenderDriverOpenGL32Deferred.cpp">
      <Filter>Source\RenderDrivers</Filter>
    </ClCompile>
    <ClCompile Include="RenderDriverOpenGL32Forward.cpp">
      <Filter>Source\RenderDrivers</Filter>
    </ClCompile>
    <ClCompile Include="OpenGLCoreProfileUtils.cpp">
      <Filter>Source\OpenGLCoreUtils</Filter>
    </ClCompile>
    <ClCompile Include="glad.c">
      <Filter>Source\OpenGLCoreUtils</Filter>
    </ClCompile>
    <ClCompile Include="cube2sphere.cpp">
      <Filter>Source\OtherUtils</Filter>
    </ClCompile>
    <ClCompile Include="HR_AccumImageWin.cpp">
      <Filter>Source</Filter>
    </ClCompile>
    <ClCompile Include="ssemath.cpp">
      <Filter>Source</Filter>
    </ClCompile>
    <ClCompile Include="HydraLegacyUtils.cpp">
      <Filter>Source\RenderDrivers</Filter>
    </ClCompile>
    <ClCompile Include="HydraLaunchProcessWin32.cpp">
      <Filter>Source\RenderDrivers</Filter>
    </ClCompile>
    <ClCompile Include="HydraAPI_GBuffer.cpp">
      <Filter>Source</Filter>
    </ClCompile>
    <ClCompile Include="HydraXMLHelpers.cpp">
      <Filter>Source</Filter>
    </ClCompile>
    <ClCompile Include="RenderDriverOpenGL1_TestCustomAttributes.cpp">
      <Filter>Source\RenderDrivers</Filter>
    </ClCompile>
    <ClCompile Include="RenderDriverOpenGL3_Utility.cpp">
      <Filter>Source\RenderDrivers</Filter>
    </ClCompile>
    <ClCompile Include="HydraAPI_TextureProcLex.cpp">
      <Filter>Source</Filter>
    </ClCompile>
    <ClCompile Include="HydraTextureUtils.cpp">
      <Filter>Source</Filter>
    </ClCompile>
    <ClCompile Include="OpenGLContextWin.cpp">
      <Filter>Source\OpenGLCoreUtils</Filter>
    </ClCompile>
    <ClCompile Include="HydraAPI_GeomProcessing.cpp">
      <Filter>Source</Filter>
    </ClCompile>
    <ClCompile Include="NonLocalMeans.cpp">
      <Filter>Source</Filter>
    </ClCompile>
    <ClCompile Include="HRExtensions.cpp">
      <Filter>Source</Filter>
    </ClCompile>
    <ClCompile Include="HydraVSGFCompress.cpp">
      <Filter>Source</Filter>
    </ClCompile>
  </ItemGroup>
  <ItemGroup>
    <ClInclude Include="LiteMath.h">
      <Filter>Headers</Filter>
    </ClInclude>
    <ClInclude Include="HydraAPI.h">
      <Filter>Headers</Filter>
    </ClInclude>
    <ClInclude Include="HydraInternal.h">
      <Filter>Headers</Filter>
    </ClInclude>
    <ClInclude Include="HydraObjectManager.h">
      <Filter>Headers</Filter>
    </ClInclude>
    <ClInclude Include="HydraInternalCommon.h">
      <Filter>Headers</Filter>
    </ClInclude>
    <ClInclude Include="pugiconfig.hpp">
      <Filter>Headers</Filter>
    </ClInclude>
    <ClInclude Include="pugixml.hpp">
      <Filter>Headers</Filter>
    </ClInclude>
    <ClInclude Include="HydraRenderDriverAPI.h">
      <Filter>Headers</Filter>
    </ClInclude>
    <ClInclude Include="HydraVSGFExport.h">
      <Filter>Headers</Filter>
    </ClInclude>
    <ClInclude Include="xxhash.h">
      <Filter>Headers</Filter>
    </ClInclude>
    <ClInclude Include="RenderDriverOpenGL1.h">
      <Filter>Headers</Filter>
    </ClInclude>
    <ClInclude Include="HR_HDRImage.h">
      <Filter>Headers</Filter>
    </ClInclude>
    <ClInclude Include="HydraXMLHelpers.h">
      <Filter>Headers</Filter>
    </ClInclude>
    <ClInclude Include="HydraXMLVerify.h">
      <Filter>Headers</Filter>
    </ClInclude>
    <ClInclude Include="HR_HDRImageTool.h">
      <Filter>Headers</Filter>
    </ClInclude>
    <ClInclude Include="HydraPostProcessAPI.h">
      <Filter>Headers\PostProcessHeaders</Filter>
    </ClInclude>
    <ClInclude Include="HydraPostProcessCommon.h">
      <Filter>Headers\PostProcessHeaders</Filter>
    </ClInclude>
    <ClInclude Include="HydraPostProcessSpecial.h">
      <Filter>Headers\PostProcessHeaders</Filter>
    </ClInclude>
    <ClInclude Include="RenderDriverOpenGL32Deferred.h">
      <Filter>Source\RenderDrivers</Filter>
    </ClInclude>
    <ClInclude Include="RenderDriverOpenGL32Forward.h">
      <Filter>Source\RenderDrivers</Filter>
    </ClInclude>
    <ClInclude Include="OpenGLCoreProfileUtils.h">
      <Filter>Source\OpenGLCoreUtils</Filter>
    </ClInclude>
    <ClInclude Include="ssemath.h">
      <Filter>Headers</Filter>
    </ClInclude>
    <ClInclude Include="HydraLegacyUtils.h">
      <Filter>Headers</Filter>
    </ClInclude>
    <ClInclude Include="RenderDriverOpenGL3_Utility.h">
      <Filter>Source\RenderDrivers</Filter>
    </ClInclude>
    <ClInclude Include="HydraTextureUtils.h">
      <Filter>Source</Filter>
    </ClInclude>
    <ClInclude Include="HydraVSGFCompress.h">
      <Filter>Headers</Filter>
    </ClInclude>
  </ItemGroup>
  <ItemGroup>
    <None Include="ClassDiagram1.cd" />
  </ItemGroup>
</Project>